// !$*UTF8*$!
{
	archiveVersion = 1;
	classes = {
	};
	objectVersion = 42;
	objects = {

/* Begin PBXBuildFile section */
		0764E68D13C6A96B00FD7C71 /* openssag.h in Headers */ = {isa = PBXBuildFile; fileRef = 073D40E513C6A11A00753D36 /* openssag.h */; };
		0764E68E13C6A96F00FD7C71 /* loader.cpp in Sources */ = {isa = PBXBuildFile; fileRef = 073D40E813C6A13C00753D36 /* loader.cpp */; };
		0764E68F13C6A96F00FD7C71 /* openssag.cpp in Sources */ = {isa = PBXBuildFile; fileRef = 073D40E913C6A13C00753D36 /* openssag.cpp */; };
		07C81B4013C6AB8600C790A3 /* loader.cpp in Sources */ = {isa = PBXBuildFile; fileRef = 073D40E813C6A13C00753D36 /* loader.cpp */; };
		07C81B4113C6AB8600C790A3 /* openssag.cpp in Sources */ = {isa = PBXBuildFile; fileRef = 073D40E913C6A13C00753D36 /* openssag.cpp */; };
		07C81B4213C6AB8E00C790A3 /* openssag.h in Headers */ = {isa = PBXBuildFile; fileRef = 073D40E513C6A11A00753D36 /* openssag.h */; };
		07C81C1B13C6AB9300C790A3 /* IOKit.framework in Frameworks */ = {isa = PBXBuildFile; fileRef = 073D40E213C6A10300753D36 /* IOKit.framework */; };
		07C81C1C13C6AB9300C790A3 /* CoreFoundation.framework in Frameworks */ = {isa = PBXBuildFile; fileRef = 073D40E113C6A0E000753D36 /* CoreFoundation.framework */; };
/* End PBXBuildFile section */

/* Begin PBXFileReference section */
		073D40E113C6A0E000753D36 /* CoreFoundation.framework */ = {isa = PBXFileReference; lastKnownFileType = wrapper.framework; name = CoreFoundation.framework; path = /System/Library/Frameworks/CoreFoundation.framework; sourceTree = "<absolute>"; };
		073D40E213C6A10300753D36 /* IOKit.framework */ = {isa = PBXFileReference; lastKnownFileType = wrapper.framework; name = IOKit.framework; path = /System/Library/Frameworks/IOKit.framework; sourceTree = "<absolute>"; };
		073D40E413C6A11A00753D36 /* firmware.h */ = {isa = PBXFileReference; fileEncoding = 4; lastKnownFileType = sourcecode.c.h; path = firmware.h; sourceTree = "<group>"; };
		073D40E513C6A11A00753D36 /* openssag.h */ = {isa = PBXFileReference; fileEncoding = 4; lastKnownFileType = sourcecode.c.h; path = openssag.h; sourceTree = "<group>"; };
		073D40E613C6A11A00753D36 /* util.h */ = {isa = PBXFileReference; fileEncoding = 4; lastKnownFileType = sourcecode.c.h; path = util.h; sourceTree = "<group>"; };
		073D40E813C6A13C00753D36 /* loader.cpp */ = {isa = PBXFileReference; fileEncoding = 4; lastKnownFileType = sourcecode.cpp.cpp; path = loader.cpp; sourceTree = "<group>"; };
		073D40E913C6A13C00753D36 /* openssag.cpp */ = {isa = PBXFileReference; fileEncoding = 4; lastKnownFileType = sourcecode.cpp.cpp; path = openssag.cpp; sourceTree = "<group>"; };
		0764E68713C6A93C00FD7C71 /* libopenssag.a */ = {isa = PBXFileReference; explicitFileType = archive.ar; includeInIndex = 0; path = libopenssag.a; sourceTree = BUILT_PRODUCTS_DIR; };
		07C81B3013C6AB0000C790A3 /* openssag.dylib */ = {isa = PBXFileReference; explicitFileType = "compiled.mach-o.dylib"; includeInIndex = 0; path = openssag.dylib; sourceTree = BUILT_PRODUCTS_DIR; };
/* End PBXFileReference section */

/* Begin PBXFrameworksBuildPhase section */
		0764E68513C6A93C00FD7C71 /* Frameworks */ = {
			isa = PBXFrameworksBuildPhase;
			buildActionMask = 2147483647;
			files = (
			);
			runOnlyForDeploymentPostprocessing = 0;
		};
		07C81B2E13C6AB0000C790A3 /* Frameworks */ = {
			isa = PBXFrameworksBuildPhase;
			buildActionMask = 2147483647;
			files = (
				07C81C1B13C6AB9300C790A3 /* IOKit.framework in Frameworks */,
				07C81C1C13C6AB9300C790A3 /* CoreFoundation.framework in Frameworks */,
			);
			runOnlyForDeploymentPostprocessing = 0;
		};
/* End PBXFrameworksBuildPhase section */

/* Begin PBXGroup section */
		073D40C213C6A09C00753D36 = {
			isa = PBXGroup;
			children = (
				073D40E013C6A0D200753D36 /* Frameworks */,
				073D40E713C6A12800753D36 /* Sources */,
				073D40E313C6A10900753D36 /* Headers */,
				073D40EF13C6A16600753D36 /* Products */,
			);
			sourceTree = "<group>";
		};
		073D40E013C6A0D200753D36 /* Frameworks */ = {
			isa = PBXGroup;
			children = (
				073D40E213C6A10300753D36 /* IOKit.framework */,
				073D40E113C6A0E000753D36 /* CoreFoundation.framework */,
			);
			name = Frameworks;
			sourceTree = "<group>";
		};
		073D40E313C6A10900753D36 /* Headers */ = {
			isa = PBXGroup;
			children = (
				073D40E413C6A11A00753D36 /* firmware.h */,
				073D40E513C6A11A00753D36 /* openssag.h */,
				073D40E613C6A11A00753D36 /* util.h */,
			);
			name = Headers;
			sourceTree = "<group>";
		};
		073D40E713C6A12800753D36 /* Sources */ = {
			isa = PBXGroup;
			children = (
				073D40E813C6A13C00753D36 /* loader.cpp */,
				073D40E913C6A13C00753D36 /* openssag.cpp */,
			);
			name = Sources;
			sourceTree = "<group>";
		};
		073D40EF13C6A16600753D36 /* Products */ = {
			isa = PBXGroup;
			children = (
				0764E68713C6A93C00FD7C71 /* libopenssag.a */,
				07C81B3013C6AB0000C790A3 /* openssag.dylib */,
			);
			name = Products;
			sourceTree = "<group>";
		};
/* End PBXGroup section */

/* Begin PBXHeadersBuildPhase section */
		0764E68313C6A93C00FD7C71 /* Headers */ = {
			isa = PBXHeadersBuildPhase;
			buildActionMask = 2147483647;
			files = (
				0764E68D13C6A96B00FD7C71 /* openssag.h in Headers */,
			);
			runOnlyForDeploymentPostprocessing = 0;
		};
		07C81B2C13C6AB0000C790A3 /* Headers */ = {
			isa = PBXHeadersBuildPhase;
			buildActionMask = 2147483647;
			files = (
				07C81B4213C6AB8E00C790A3 /* openssag.h in Headers */,
			);
			runOnlyForDeploymentPostprocessing = 0;
		};
/* End PBXHeadersBuildPhase section */

/* Begin PBXNativeTarget section */
		0764E68613C6A93C00FD7C71 /* Static Library */ = {
			isa = PBXNativeTarget;
			buildConfigurationList = 0764E69E13C6A98100FD7C71 /* Build configuration list for PBXNativeTarget "Static Library" */;
			buildPhases = (
				0764E68313C6A93C00FD7C71 /* Headers */,
				0764E68413C6A93C00FD7C71 /* Sources */,
				0764E68513C6A93C00FD7C71 /* Frameworks */,
			);
			buildRules = (
			);
			dependencies = (
			);
			name = "Static Library";
			productName = "Static Library";
			productReference = 0764E68713C6A93C00FD7C71 /* libopenssag.a */;
			productType = "com.apple.product-type.library.static";
		};
		07C81B2F13C6AB0000C790A3 /* Dynamic Library */ = {
			isa = PBXNativeTarget;
			buildConfigurationList = 07C81B3A13C6AB5A00C790A3 /* Build configuration list for PBXNativeTarget "Dynamic Library" */;
			buildPhases = (
				07C81B2C13C6AB0000C790A3 /* Headers */,
				07C81B2D13C6AB0000C790A3 /* Sources */,
				07C81B2E13C6AB0000C790A3 /* Frameworks */,
			);
			buildRules = (
			);
			dependencies = (
			);
			name = "Dynamic Library";
			productName = "Dynamic Library";
			productReference = 07C81B3013C6AB0000C790A3 /* openssag.dylib */;
			productType = "com.apple.product-type.library.dynamic";
		};
/* End PBXNativeTarget section */

/* Begin PBXProject section */
		073D40C413C6A09C00753D36 /* Project object */ = {
			isa = PBXProject;
			buildConfigurationList = 073D40C713C6A09C00753D36 /* Build configuration list for PBXProject "OpenSSAG" */;
			compatibilityVersion = "Xcode 2.4";
			hasScannedForEncodings = 0;
			mainGroup = 073D40C213C6A09C00753D36;
			productRefGroup = 073D40EF13C6A16600753D36 /* Products */;
			projectDirPath = "";
			projectRoot = "";
			targets = (
				0764E68613C6A93C00FD7C71 /* Static Library */,
				07C81B2F13C6AB0000C790A3 /* Dynamic Library */,
			);
		};
/* End PBXProject section */

/* Begin PBXSourcesBuildPhase section */
		0764E68413C6A93C00FD7C71 /* Sources */ = {
			isa = PBXSourcesBuildPhase;
			buildActionMask = 2147483647;
			files = (
				0764E68E13C6A96F00FD7C71 /* loader.cpp in Sources */,
				0764E68F13C6A96F00FD7C71 /* openssag.cpp in Sources */,
			);
			runOnlyForDeploymentPostprocessing = 0;
		};
		07C81B2D13C6AB0000C790A3 /* Sources */ = {
			isa = PBXSourcesBuildPhase;
			buildActionMask = 2147483647;
			files = (
				07C81B4013C6AB8600C790A3 /* loader.cpp in Sources */,
				07C81B4113C6AB8600C790A3 /* openssag.cpp in Sources */,
			);
			runOnlyForDeploymentPostprocessing = 0;
		};
/* End PBXSourcesBuildPhase section */

/* Begin XCBuildConfiguration section */
		073D40C513C6A09C00753D36 /* Debug */ = {
			isa = XCBuildConfiguration;
			buildSettings = {
				COPY_PHASE_STRIP = NO;
				HEADER_SEARCH_PATHS = "/usr/local/Crosspack-AVR/include";
				LIBRARY_SEARCH_PATHS = "/usr/local/Crosspack-AVR/lib";
				OTHER_CPLUSPLUSFLAGS = (
					"$(OTHER_CFLAGS)",
					"-DDEBUG",
				);
				OTHER_LDFLAGS = "-lusb";
			};
			name = Debug;
		};
		073D40C613C6A09C00753D36 /* Release */ = {
			isa = XCBuildConfiguration;
			buildSettings = {
				COPY_PHASE_STRIP = YES;
				HEADER_SEARCH_PATHS = "/usr/local/Crosspack-AVR/include";
				LIBRARY_SEARCH_PATHS = "/usr/local/Crosspack-AVR/lib";
				OTHER_LDFLAGS = "-lusb";
			};
			name = Release;
		};
		0764E68813C6A93C00FD7C71 /* Debug */ = {
			isa = XCBuildConfiguration;
			buildSettings = {
				ALWAYS_SEARCH_USER_PATHS = NO;
				COPY_PHASE_STRIP = NO;
				GCC_DYNAMIC_NO_PIC = NO;
				GCC_ENABLE_FIX_AND_CONTINUE = YES;
				GCC_MODEL_TUNING = G5;
				GCC_OPTIMIZATION_LEVEL = 0;
				GCC_PRECOMPILE_PREFIX_HEADER = NO;
				GCC_PREFIX_HEADER = "";
				INSTALL_PATH = /usr/local/lib;
				OTHER_LDFLAGS = "-lusb";
				PREBINDING = NO;
				PRODUCT_NAME = openssag;
			};
			name = Debug;
		};
		0764E68913C6A93C00FD7C71 /* Release */ = {
			isa = XCBuildConfiguration;
			buildSettings = {
				ALWAYS_SEARCH_USER_PATHS = NO;
				COPY_PHASE_STRIP = YES;
				DEBUG_INFORMATION_FORMAT = "dwarf-with-dsym";
				GCC_ENABLE_FIX_AND_CONTINUE = NO;
				GCC_MODEL_TUNING = G5;
				GCC_PRECOMPILE_PREFIX_HEADER = NO;
				GCC_PREFIX_HEADER = "";
				INSTALL_PATH = /usr/local/lib;
				OTHER_LDFLAGS = "";
				PREBINDING = NO;
				PRODUCT_NAME = "Static Library";
				ZERO_LINK = NO;
			};
			name = Release;
		};
		07C81B3113C6AB0100C790A3 /* Debug */ = {
			isa = XCBuildConfiguration;
			buildSettings = {
				ALWAYS_SEARCH_USER_PATHS = NO;
				COPY_PHASE_STRIP = NO;
				DYLIB_COMPATIBILITY_VERSION = 1;
				DYLIB_CURRENT_VERSION = 1;
				GCC_DYNAMIC_NO_PIC = NO;
				GCC_ENABLE_FIX_AND_CONTINUE = YES;
				GCC_MODEL_TUNING = G5;
				GCC_OPTIMIZATION_LEVEL = 0;
				GCC_PRECOMPILE_PREFIX_HEADER = NO;
				GCC_PREFIX_HEADER = "";
				INSTALL_PATH = /usr/local/lib;
				OTHER_LDFLAGS = "-lusb";
				PREBINDING = NO;
				PRODUCT_NAME = openssag;
			};
			name = Debug;
		};
		07C81B3213C6AB0100C790A3 /* Release */ = {
			isa = XCBuildConfiguration;
			buildSettings = {
				ALWAYS_SEARCH_USER_PATHS = NO;
				COPY_PHASE_STRIP = YES;
				DEBUG_INFORMATION_FORMAT = "dwarf-with-dsym";
				DYLIB_COMPATIBILITY_VERSION = 1;
				DYLIB_CURRENT_VERSION = 1;
				GCC_ENABLE_FIX_AND_CONTINUE = NO;
				GCC_MODEL_TUNING = G5;
				GCC_PRECOMPILE_PREFIX_HEADER = NO;
				GCC_PREFIX_HEADER = "";
				INSTALL_PATH = /usr/local/lib;
				OTHER_LDFLAGS = "-lusb";
				PREBINDING = NO;
				PRODUCT_NAME = openssag;
				ZERO_LINK = NO;
			};
			name = Release;
		};
/* End XCBuildConfiguration section */

/* Begin XCConfigurationList section */
		073D40C713C6A09C00753D36 /* Build configuration list for PBXProject "OpenSSAG" */ = {
			isa = XCConfigurationList;
			buildConfigurations = (
				073D40C513C6A09C00753D36 /* Debug */,
				073D40C613C6A09C00753D36 /* Release */,
			);
			defaultConfigurationIsVisible = 0;
			defaultConfigurationName = Release;
		};
		0764E69E13C6A98100FD7C71 /* Build configuration list for PBXNativeTarget "Static Library" */ = {
			isa = XCConfigurationList;
			buildConfigurations = (
				0764E68813C6A93C00FD7C71 /* Debug */,
				0764E68913C6A93C00FD7C71 /* Release */,
			);
			defaultConfigurationIsVisible = 0;
			defaultConfigurationName = Release;
		};
		07C81B3A13C6AB5A00C790A3 /* Build configuration list for PBXNativeTarget "Dynamic Library" */ = {
			isa = XCConfigurationList;
			buildConfigurations = (
				07C81B3113C6AB0100C790A3 /* Debug */,
				07C81B3213C6AB0100C790A3 /* Release */,
			);
			defaultConfigurationIsVisible = 0;
			defaultConfigurationName = Release;
		};
/* End XCConfigurationList section */
	};
	rootObject = 073D40C413C6A09C00753D36 /* Project object */;
}
